
Microsoft Visual Studio Solution File, Format Version 12.00
# Visual Studio Version 16
VisualStudioVersion = 16.0.30907.101
MinimumVisualStudioVersion = 10.0.40219.1
Project("{9A19103F-16F7-4668-BE54-9A1E7A4F7556}") = "BatteryDataStreamingReceiver", "BatteryDataStreamingReceiver\BatteryDataStreamingReceiver.csproj", "{442A4375-7A4A-495F-A00D-30A869B42C9F}"
EndProject
Project("{FAE04EC0-301F-11D3-BF4B-00C04F79EFBC}") = "BatteryDataStreamingReceiverTests", "BatteryDataStreamingReceiverTests\BatteryDataStreamingReceiverTests.csproj", "{1C2FFE56-E1D9-45DD-B1E8-339A73D0DFC1}"
EndProject
Global
	GlobalSection(SolutionConfigurationPlatforms) = preSolution
		Debug|Any CPU = Debug|Any CPU
		Release|Any CPU = Release|Any CPU
	EndGlobalSection
	GlobalSection(ProjectConfigurationPlatforms) = postSolution
		{442A4375-7A4A-495F-A00D-30A869B42C9F}.Debug|Any CPU.ActiveCfg = Debug|Any CPU
		{442A4375-7A4A-495F-A00D-30A869B42C9F}.Debug|Any CPU.Build.0 = Debug|Any CPU
		{442A4375-7A4A-495F-A00D-30A869B42C9F}.Release|Any CPU.ActiveCfg = Release|Any CPU
		{442A4375-7A4A-495F-A00D-30A869B42C9F}.Release|Any CPU.Build.0 = Release|Any CPU
		{1C2FFE56-E1D9-45DD-B1E8-339A73D0DFC1}.Debug|Any CPU.ActiveCfg = Debug|Any CPU
		{1C2FFE56-E1D9-45DD-B1E8-339A73D0DFC1}.Debug|Any CPU.Build.0 = Debug|Any CPU
		{1C2FFE56-E1D9-45DD-B1E8-339A73D0DFC1}.Release|Any CPU.ActiveCfg = Release|Any CPU
		{1C2FFE56-E1D9-45DD-B1E8-339A73D0DFC1}.Release|Any CPU.Build.0 = Release|Any CPU
	EndGlobalSection
	GlobalSection(SolutionProperties) = preSolution
		HideSolutionNode = FALSE
	EndGlobalSection
	GlobalSection(ExtensibilityGlobals) = postSolution
		SolutionGuid = {1F46AE2A-14DE-4E9D-B438-EF1519EB584C}
	EndGlobalSection
EndGlobal
